
Microsoft Visual Studio Solution File, Format Version 12.00
# Visual Studio Version 16
VisualStudioVersion = 16.0.33927.289
MinimumVisualStudioVersion = 10.0.40219.1
Project("{2150E333-8FDC-42A3-9474-1A3956D46DE8}") = "Task0", "Task0", "{68018338-161D-48ED-85AA-DDD09809656D}"
EndProject
Project("{FAE04EC0-301F-11D3-BF4B-00C04F79EFBC}") = "Tyuiu.PopkovSV.Sprint0.Task0.V0", "Tyuiu.PopkovSV.Sprint0.Task0.V0\Tyuiu.PopkovSV.Sprint0.Task0.V0.csproj", "{1AB4BE80-0024-4BB5-BCA9-B246E9C686D0}"
EndProject
Project("{2150E333-8FDC-42A3-9474-1A3956D46DE8}") = "Task1", "Task1", "{6748D532-AE01-49F2-B322-46E2B3E8D8E5}"
EndProject
Project("{FAE04EC0-301F-11D3-BF4B-00C04F79EFBC}") = "Tyuiu.PopkovSV.Sprint0.Task1.V0", "Tyuiu.PopkovSV.Sprint0.Task1.V0\Tyuiu.PopkovSV.Sprint0.Task1.V0.csproj", "{A6D21067-0E49-416C-BBA6-F84D68028D0B}"
EndProject
Project("{2150E333-8FDC-42A3-9474-1A3956D46DE8}") = "Task2", "Task2", "{3CED5A48-D379-4ECC-BABA-53471091E40D}"
EndProject
Project("{FAE04EC0-301F-11D3-BF4B-00C04F79EFBC}") = "Tyuiu.PopkovSV.Sprint0.Task2.V0", "Tyuiu.PopkovSV.Sprint0.Task2.V0\Tyuiu.PopkovSV.Sprint0.Task2.V0.csproj", "{B452F2FA-00C0-43E7-AE10-F0AD69A6257A}"
EndProject
Project("{FAE04EC0-301F-11D3-BF4B-00C04F79EFBC}") = "Tyuiu.PopkovSV.Sprint0.Task2.V0.Lib", "Tyuiu.PopkovSV.Sprint0.Task2.V0.Lib\Tyuiu.PopkovSV.Sprint0.Task2.V0.Lib.csproj", "{A1BE488B-C95A-49C7-A081-088BBBA4826F}"
EndProject
Project("{FAE04EC0-301F-11D3-BF4B-00C04F79EFBC}") = "Tyuiu.PopkovSV.Sprint0.Task2.V0.Test", "Tyuiu.PopkovSV.Sprint0.Task2.V0.Test\Tyuiu.PopkovSV.Sprint0.Task2.V0.Test.csproj", "{1C0B30B8-EE99-447B-8A59-9713D87DDD4C}"
EndProject
Project("{2150E333-8FDC-42A3-9474-1A3956D46DE8}") = "Task3", "Task3", "{4AD43EE4-C82B-4140-858D-41ACA5DE6330}"
EndProject
Project("{FAE04EC0-301F-11D3-BF4B-00C04F79EFBC}") = "Tyuiu.PopkovSV.Sprint0.Task3.V0", "Tyuiu.PopkovSV.Sprint0.Task3.V0\Tyuiu.PopkovSV.Sprint0.Task3.V0.csproj", "{3B39FBAF-F740-41F0-9B7B-3210A27358D0}"
EndProject
Project("{FAE04EC0-301F-11D3-BF4B-00C04F79EFBC}") = "Tyuiu.PopkovSV.Sprint0.Task3.V0.Lib", "Tyuiu.PopkovSV.Sprint0.Task3.V0.Lib\Tyuiu.PopkovSV.Sprint0.Task3.V0.Lib.csproj", "{B50929E9-8B90-4A2F-9B66-7D1461DD7B3A}"
EndProject
Project("{FAE04EC0-301F-11D3-BF4B-00C04F79EFBC}") = "Tyuiu.PopkovSV.Sprint0.Task3.V0.Test", "Tyuiu.PopkovSV.Sprint0.Task3.V0.Test\Tyuiu.PopkovSV.Sprint0.Task3.V0.Test.csproj", "{0637A460-2BE6-44A5-A904-DFC663A2E078}"
EndProject
Project("{2150E333-8FDC-42A3-9474-1A3956D46DE8}") = "Task4", "Task4", "{D810BDC7-3638-4607-A4A4-2BBA85A9C708}"
EndProject
Project("{FAE04EC0-301F-11D3-BF4B-00C04F79EFBC}") = "Tyuiu.PopkovSV.Sprint0.Task4.V0", "Tyuiu.PopkovSV.Sprint0.Task4.V0\Tyuiu.PopkovSV.Sprint0.Task4.V0.csproj", "{BEEC9B30-D2A4-41B2-A80D-73237A9793B4}"
EndProject
Project("{FAE04EC0-301F-11D3-BF4B-00C04F79EFBC}") = "Tyuiu.PopkovSV.Sprint0.Task4.V0.Lib", "Tyuiu.PopkovSV.Sprint0.Task4.V0.Lib\Tyuiu.PopkovSV.Sprint0.Task4.V0.Lib.csproj", "{C94C8A55-84D7-4F9E-B08D-FF76B7EE62F8}"
EndProject
Project("{FAE04EC0-301F-11D3-BF4B-00C04F79EFBC}") = "Tyuiu.PopkovSV.Sprint0.Task4.V0.Test", "Tyuiu.PopkovSV.Sprint0.Task4.V0.Test\Tyuiu.PopkovSV.Sprint0.Task4.V0.Test.csproj", "{18D60BAA-9893-418D-A821-E237AD914D5F}"
EndProject
Global
	GlobalSection(SolutionConfigurationPlatforms) = preSolution
		Debug|Any CPU = Debug|Any CPU
		Release|Any CPU = Release|Any CPU
	EndGlobalSection
	GlobalSection(ProjectConfigurationPlatforms) = postSolution
		{1AB4BE80-0024-4BB5-BCA9-B246E9C686D0}.Debug|Any CPU.ActiveCfg = Debug|Any CPU
		{1AB4BE80-0024-4BB5-BCA9-B246E9C686D0}.Debug|Any CPU.Build.0 = Debug|Any CPU
		{1AB4BE80-0024-4BB5-BCA9-B246E9C686D0}.Release|Any CPU.ActiveCfg = Release|Any CPU
		{1AB4BE80-0024-4BB5-BCA9-B246E9C686D0}.Release|Any CPU.Build.0 = Release|Any CPU
		{A6D21067-0E49-416C-BBA6-F84D68028D0B}.Debug|Any CPU.ActiveCfg = Debug|Any CPU
		{A6D21067-0E49-416C-BBA6-F84D68028D0B}.Debug|Any CPU.Build.0 = Debug|Any CPU
		{A6D21067-0E49-416C-BBA6-F84D68028D0B}.Release|Any CPU.ActiveCfg = Release|Any CPU
		{A6D21067-0E49-416C-BBA6-F84D68028D0B}.Release|Any CPU.Build.0 = Release|Any CPU
		{B452F2FA-00C0-43E7-AE10-F0AD69A6257A}.Debug|Any CPU.ActiveCfg = Debug|Any CPU
		{B452F2FA-00C0-43E7-AE10-F0AD69A6257A}.Debug|Any CPU.Build.0 = Debug|Any CPU
		{B452F2FA-00C0-43E7-AE10-F0AD69A6257A}.Release|Any CPU.ActiveCfg = Release|Any CPU
		{B452F2FA-00C0-43E7-AE10-F0AD69A6257A}.Release|Any CPU.Build.0 = Release|Any CPU
		{A1BE488B-C95A-49C7-A081-088BBBA4826F}.Debug|Any CPU.ActiveCfg = Debug|Any CPU
		{A1BE488B-C95A-49C7-A081-088BBBA4826F}.Debug|Any CPU.Build.0 = Debug|Any CPU
		{A1BE488B-C95A-49C7-A081-088BBBA4826F}.Release|Any CPU.ActiveCfg = Release|Any CPU
		{A1BE488B-C95A-49C7-A081-088BBBA4826F}.Release|Any CPU.Build.0 = Release|Any CPU
		{1C0B30B8-EE99-447B-8A59-9713D87DDD4C}.Debug|Any CPU.ActiveCfg = Debug|Any CPU
		{1C0B30B8-EE99-447B-8A59-9713D87DDD4C}.Debug|Any CPU.Build.0 = Debug|Any CPU
		{1C0B30B8-EE99-447B-8A59-9713D87DDD4C}.Release|Any CPU.ActiveCfg = Release|Any CPU
		{1C0B30B8-EE99-447B-8A59-9713D87DDD4C}.Release|Any CPU.Build.0 = Release|Any CPU
		{3B39FBAF-F740-41F0-9B7B-3210A27358D0}.Debug|Any CPU.ActiveCfg = Debug|Any CPU
		{3B39FBAF-F740-41F0-9B7B-3210A27358D0}.Debug|Any CPU.Build.0 = Debug|Any CPU
		{3B39FBAF-F740-41F0-9B7B-3210A27358D0}.Release|Any CPU.ActiveCfg = Release|Any CPU
		{3B39FBAF-F740-41F0-9B7B-3210A27358D0}.Release|Any CPU.Build.0 = Release|Any CPU
		{B50929E9-8B90-4A2F-9B66-7D1461DD7B3A}.Debug|Any CPU.ActiveCfg = Debug|Any CPU
		{B50929E9-8B90-4A2F-9B66-7D1461DD7B3A}.Debug|Any CPU.Build.0 = Debug|Any CPU
		{B50929E9-8B90-4A2F-9B66-7D1461DD7B3A}.Release|Any CPU.ActiveCfg = Release|Any CPU
		{B50929E9-8B90-4A2F-9B66-7D1461DD7B3A}.Release|Any CPU.Build.0 = Release|Any CPU
		{0637A460-2BE6-44A5-A904-DFC663A2E078}.Debug|Any CPU.ActiveCfg = Debug|Any CPU
		{0637A460-2BE6-44A5-A904-DFC663A2E078}.Debug|Any CPU.Build.0 = Debug|Any CPU
		{0637A460-2BE6-44A5-A904-DFC663A2E078}.Release|Any CPU.ActiveCfg = Release|Any CPU
		{0637A460-2BE6-44A5-A904-DFC663A2E078}.Release|Any CPU.Build.0 = Release|Any CPU
		{BEEC9B30-D2A4-41B2-A80D-73237A9793B4}.Debug|Any CPU.ActiveCfg = Debug|Any CPU
		{BEEC9B30-D2A4-41B2-A80D-73237A9793B4}.Debug|Any CPU.Build.0 = Debug|Any CPU
		{BEEC9B30-D2A4-41B2-A80D-73237A9793B4}.Release|Any CPU.ActiveCfg = Release|Any CPU
		{BEEC9B30-D2A4-41B2-A80D-73237A9793B4}.Release|Any CPU.Build.0 = Release|Any CPU
		{C94C8A55-84D7-4F9E-B08D-FF76B7EE62F8}.Debug|Any CPU.ActiveCfg = Debug|Any CPU
		{C94C8A55-84D7-4F9E-B08D-FF76B7EE62F8}.Debug|Any CPU.Build.0 = Debug|Any CPU
		{C94C8A55-84D7-4F9E-B08D-FF76B7EE62F8}.Release|Any CPU.ActiveCfg = Release|Any CPU
		{C94C8A55-84D7-4F9E-B08D-FF76B7EE62F8}.Release|Any CPU.Build.0 = Release|Any CPU
		{18D60BAA-9893-418D-A821-E237AD914D5F}.Debug|Any CPU.ActiveCfg = Debug|Any CPU
		{18D60BAA-9893-418D-A821-E237AD914D5F}.Debug|Any CPU.Build.0 = Debug|Any CPU
		{18D60BAA-9893-418D-A821-E237AD914D5F}.Release|Any CPU.ActiveCfg = Release|Any CPU
		{18D60BAA-9893-418D-A821-E237AD914D5F}.Release|Any CPU.Build.0 = Release|Any CPU
	EndGlobalSection
	GlobalSection(SolutionProperties) = preSolution
		HideSolutionNode = FALSE
	EndGlobalSection
	GlobalSection(NestedProjects) = preSolution
		{1AB4BE80-0024-4BB5-BCA9-B246E9C686D0} = {68018338-161D-48ED-85AA-DDD09809656D}
		{A6D21067-0E49-416C-BBA6-F84D68028D0B} = {6748D532-AE01-49F2-B322-46E2B3E8D8E5}
		{B452F2FA-00C0-43E7-AE10-F0AD69A6257A} = {3CED5A48-D379-4ECC-BABA-53471091E40D}
		{A1BE488B-C95A-49C7-A081-088BBBA4826F} = {3CED5A48-D379-4ECC-BABA-53471091E40D}
		{1C0B30B8-EE99-447B-8A59-9713D87DDD4C} = {3CED5A48-D379-4ECC-BABA-53471091E40D}
		{3B39FBAF-F740-41F0-9B7B-3210A27358D0} = {4AD43EE4-C82B-4140-858D-41ACA5DE6330}
		{B50929E9-8B90-4A2F-9B66-7D1461DD7B3A} = {4AD43EE4-C82B-4140-858D-41ACA5DE6330}
		{0637A460-2BE6-44A5-A904-DFC663A2E078} = {4AD43EE4-C82B-4140-858D-41ACA5DE6330}
		{BEEC9B30-D2A4-41B2-A80D-73237A9793B4} = {D810BDC7-3638-4607-A4A4-2BBA85A9C708}
		{C94C8A55-84D7-4F9E-B08D-FF76B7EE62F8} = {D810BDC7-3638-4607-A4A4-2BBA85A9C708}
		{18D60BAA-9893-418D-A821-E237AD914D5F} = {D810BDC7-3638-4607-A4A4-2BBA85A9C708}
	EndGlobalSection
	GlobalSection(ExtensibilityGlobals) = postSolution
		SolutionGuid = {649EC2BF-88E1-4442-ACEA-021B51126EA4}
	EndGlobalSection
EndGlobal
